
Microsoft Visual Studio Solution File, Format Version 12.00
# Visual Studio Version 16
VisualStudioVersion = 16.0.29709.97
MinimumVisualStudioVersion = 10.0.40219.1
Project("{FAE04EC0-301F-11D3-BF4B-00C04F79EFBC}") = "BagManager", "BagManager.csproj", "{F5634D51-D995-4949-A2C7-EBCA6F853F70}"
EndProject
Global
	GlobalSection(SolutionConfigurationPlatforms) = preSolution
		Debug|Any CPU = Debug|Any CPU
		Release|Any CPU = Release|Any CPU
	EndGlobalSection
	GlobalSection(ProjectConfigurationPlatforms) = postSolution
		{F5634D51-D995-4949-A2C7-EBCA6F853F70}.Debug|Any CPU.ActiveCfg = Debug|Any CPU
		{F5634D51-D995-4949-A2C7-EBCA6F853F70}.Debug|Any CPU.Build.0 = Debug|Any CPU
		{F5634D51-D995-4949-A2C7-EBCA6F853F70}.Release|Any CPU.ActiveCfg = Release|Any CPU
		{F5634D51-D995-4949-A2C7-EBCA6F853F70}.Release|Any CPU.Build.0 = Release|Any CPU
	EndGlobalSection
	GlobalSection(SolutionProperties) = preSolution
		HideSolutionNode = FALSE
	EndGlobalSection
	GlobalSection(ExtensibilityGlobals) = postSolution
		SolutionGuid = {A4EEDEC4-174E-45B2-866C-9B83B0054BD4}
	EndGlobalSection
EndGlobal
